// !$*UTF8*$!
{
	archiveVersion = 1;
	classes = {
	};
	objectVersion = 55;
	objects = {

/* Begin PBXBuildFile section */
		0EEF4206284F0E81002CA448 /* RegistarationViewController.swift in Sources */ = {isa = PBXBuildFile; fileRef = 0EEF4205284F0E81002CA448 /* RegistarationViewController.swift */; };
		0EEF4208284F13E5002CA448 /* UIView+Utils.swift in Sources */ = {isa = PBXBuildFile; fileRef = 0EEF4207284F13E5002CA448 /* UIView+Utils.swift */; };
		0EEF420B284F2341002CA448 /* Config.swift in Sources */ = {isa = PBXBuildFile; fileRef = 0EEF420A284F2341002CA448 /* Config.swift */; };
		0EEF420D284F5BC7002CA448 /* ForgotPasswordViewController.swift in Sources */ = {isa = PBXBuildFile; fileRef = 0EEF420C284F5BC7002CA448 /* ForgotPasswordViewController.swift */; };
		0EEF4212284F7B8B002CA448 /* RegistrationViewModel.swift in Sources */ = {isa = PBXBuildFile; fileRef = 0EEF4211284F7B8B002CA448 /* RegistrationViewModel.swift */; };
		0EEF4214284F7B9A002CA448 /* ForgotPasswordViewModel.swift in Sources */ = {isa = PBXBuildFile; fileRef = 0EEF4213284F7B9A002CA448 /* ForgotPasswordViewModel.swift */; };
		0EEF4217284F80B1002CA448 /* ValidationResult.swift in Sources */ = {isa = PBXBuildFile; fileRef = 0EEF4216284F80B1002CA448 /* ValidationResult.swift */; };
		0EEF4219284F81BF002CA448 /* ValidationStrings.swift in Sources */ = {isa = PBXBuildFile; fileRef = 0EEF4218284F81BF002CA448 /* ValidationStrings.swift */; };
		5E6404752850C46D00F9B99C /* Navigation.swift in Sources */ = {isa = PBXBuildFile; fileRef = 5E6404742850C46D00F9B99C /* Navigation.swift */; };
		5E9077272851F378009DEB89 /* HomeViewController.swift in Sources */ = {isa = PBXBuildFile; fileRef = 5E9077262851F378009DEB89 /* HomeViewController.swift */; };
		5E9077292851F3BA009DEB89 /* MyOrderViewController.swift in Sources */ = {isa = PBXBuildFile; fileRef = 5E9077282851F3BA009DEB89 /* MyOrderViewController.swift */; };
		5E90772B2851F3CA009DEB89 /* CartViewController.swift in Sources */ = {isa = PBXBuildFile; fileRef = 5E90772A2851F3C9009DEB89 /* CartViewController.swift */; };
		5E90772D2851F41A009DEB89 /* ProfileViewController.swift in Sources */ = {isa = PBXBuildFile; fileRef = 5E90772C2851F41A009DEB89 /* ProfileViewController.swift */; };
		5E9077332851F5BD009DEB89 /* TabBarViewController.swift in Sources */ = {isa = PBXBuildFile; fileRef = 5E9077322851F5BD009DEB89 /* TabBarViewController.swift */; };
		5E90773628520D05009DEB89 /* WebService.swift in Sources */ = {isa = PBXBuildFile; fileRef = 5E90773528520D05009DEB89 /* WebService.swift */; };
		5E90773A28520DFC009DEB89 /* SwiftyJSON in Frameworks */ = {isa = PBXBuildFile; productRef = 5E90773928520DFC009DEB89 /* SwiftyJSON */; };
		5E90773C28520EEA009DEB89 /* TermsConditionsViewModel.swift in Sources */ = {isa = PBXBuildFile; fileRef = 5E90773B28520EEA009DEB89 /* TermsConditionsViewModel.swift */; };
		5E940AF628507BBE0032DD1D /* SignInWithOTPViewController.swift in Sources */ = {isa = PBXBuildFile; fileRef = 5E940AF528507BBE0032DD1D /* SignInWithOTPViewController.swift */; };
		5E940AF828507BC50032DD1D /* VerifyOTPViewController.swift in Sources */ = {isa = PBXBuildFile; fileRef = 5E940AF728507BC50032DD1D /* VerifyOTPViewController.swift */; };
		5E940AFD2850A8450032DD1D /* PlaceHolderStrings.swift in Sources */ = {isa = PBXBuildFile; fileRef = 5E940AFC2850A8450032DD1D /* PlaceHolderStrings.swift */; };
		5E940AFF2850A8CB0032DD1D /* ImageNames.swift in Sources */ = {isa = PBXBuildFile; fileRef = 5E940AFE2850A8CB0032DD1D /* ImageNames.swift */; };
		5E940B012850A93F0032DD1D /* AppColors.swift in Sources */ = {isa = PBXBuildFile; fileRef = 5E940B002850A93E0032DD1D /* AppColors.swift */; };
		5E940B052850A9F00032DD1D /* Reachability.swift in Sources */ = {isa = PBXBuildFile; fileRef = 5E940B042850A9F00032DD1D /* Reachability.swift */; };
		5E940B072850AA100032DD1D /* Singleton.swift in Sources */ = {isa = PBXBuildFile; fileRef = 5E940B062850AA100032DD1D /* Singleton.swift */; };
		5EA88591284E0E8B0084C86B /* AppDelegate.swift in Sources */ = {isa = PBXBuildFile; fileRef = 5EA88590284E0E8B0084C86B /* AppDelegate.swift */; };
		5EA88593284E0E8B0084C86B /* SceneDelegate.swift in Sources */ = {isa = PBXBuildFile; fileRef = 5EA88592284E0E8B0084C86B /* SceneDelegate.swift */; };
		5EA88598284E0E8B0084C86B /* Main.storyboard in Resources */ = {isa = PBXBuildFile; fileRef = 5EA88596284E0E8B0084C86B /* Main.storyboard */; };
		5EA8859A284E0E8C0084C86B /* Assets.xcassets in Resources */ = {isa = PBXBuildFile; fileRef = 5EA88599284E0E8C0084C86B /* Assets.xcassets */; };
		5EA8859D284E0E8C0084C86B /* LaunchScreen.storyboard in Resources */ = {isa = PBXBuildFile; fileRef = 5EA8859B284E0E8C0084C86B /* LaunchScreen.storyboard */; };
		5EA885BB284E18100084C86B /* Rubik-Bold.ttf in Resources */ = {isa = PBXBuildFile; fileRef = 5EA885A9284E18100084C86B /* Rubik-Bold.ttf */; };
		5EA885BD284E18100084C86B /* Rubik-Light.ttf in Resources */ = {isa = PBXBuildFile; fileRef = 5EA885AB284E18100084C86B /* Rubik-Light.ttf */; };
		5EA885BE284E18100084C86B /* Rubik-Medium.ttf in Resources */ = {isa = PBXBuildFile; fileRef = 5EA885AC284E18100084C86B /* Rubik-Medium.ttf */; };
		5EA885C3284E18100084C86B /* Rubik-SemiBold.ttf in Resources */ = {isa = PBXBuildFile; fileRef = 5EA885B1284E18100084C86B /* Rubik-SemiBold.ttf */; };
		5EA885C6284E18100084C86B /* Rubik-Regular.ttf in Resources */ = {isa = PBXBuildFile; fileRef = 5EA885B4284E18100084C86B /* Rubik-Regular.ttf */; };
		5EA885CC284E1BCA0084C86B /* Fonts.swift in Sources */ = {isa = PBXBuildFile; fileRef = 5EA885CB284E1BCA0084C86B /* Fonts.swift */; };
		5EA885CF284E24950084C86B /* LoginViewController.swift in Sources */ = {isa = PBXBuildFile; fileRef = 5EA885CE284E24950084C86B /* LoginViewController.swift */; };
		5EEAF19B2853005900F78C8D /* LoginWebService.swift in Sources */ = {isa = PBXBuildFile; fileRef = 5EEAF19A2853005900F78C8D /* LoginWebService.swift */; };
		5EEAF19D2853016900F78C8D /* APIURLs.swift in Sources */ = {isa = PBXBuildFile; fileRef = 5EEAF19C2853016900F78C8D /* APIURLs.swift */; };
		5EEAF19F285305A000F78C8D /* LoginAPIResponse.swift in Sources */ = {isa = PBXBuildFile; fileRef = 5EEAF19E285305A000F78C8D /* LoginAPIResponse.swift */; };
		5EEAF1A12853451C00F78C8D /* Utils.swift in Sources */ = {isa = PBXBuildFile; fileRef = 5EEAF1A02853451C00F78C8D /* Utils.swift */; };
		5EEAF1A32853453000F78C8D /* Strings+Utils.swift in Sources */ = {isa = PBXBuildFile; fileRef = 5EEAF1A22853453000F78C8D /* Strings+Utils.swift */; };
		5EEAF1AD285362C400F78C8D /* LoginViewModel.swift in Sources */ = {isa = PBXBuildFile; fileRef = 5EEAF1AC285362C400F78C8D /* LoginViewModel.swift */; };
		D5CDBD24CFB1BAEC1ED4F856 /* Pods_MyCtStore_User.framework in Frameworks */ = {isa = PBXBuildFile; fileRef = CFB17563C9F7722EAA00EFAD /* Pods_MyCtStore_User.framework */; };
/* End PBXBuildFile section */

/* Begin PBXFileReference section */
		0EEF4205284F0E81002CA448 /* RegistarationViewController.swift */ = {isa = PBXFileReference; lastKnownFileType = sourcecode.swift; path = RegistarationViewController.swift; sourceTree = "<group>"; };
		0EEF4207284F13E5002CA448 /* UIView+Utils.swift */ = {isa = PBXFileReference; lastKnownFileType = sourcecode.swift; path = "UIView+Utils.swift"; sourceTree = "<group>"; };
		0EEF420A284F2341002CA448 /* Config.swift */ = {isa = PBXFileReference; lastKnownFileType = sourcecode.swift; path = Config.swift; sourceTree = "<group>"; };
		0EEF420C284F5BC7002CA448 /* ForgotPasswordViewController.swift */ = {isa = PBXFileReference; lastKnownFileType = sourcecode.swift; path = ForgotPasswordViewController.swift; sourceTree = "<group>"; };
		0EEF4211284F7B8B002CA448 /* RegistrationViewModel.swift */ = {isa = PBXFileReference; lastKnownFileType = sourcecode.swift; path = RegistrationViewModel.swift; sourceTree = "<group>"; };
		0EEF4213284F7B9A002CA448 /* ForgotPasswordViewModel.swift */ = {isa = PBXFileReference; lastKnownFileType = sourcecode.swift; path = ForgotPasswordViewModel.swift; sourceTree = "<group>"; };
		0EEF4216284F80B1002CA448 /* ValidationResult.swift */ = {isa = PBXFileReference; lastKnownFileType = sourcecode.swift; path = ValidationResult.swift; sourceTree = "<group>"; };
		0EEF4218284F81BF002CA448 /* ValidationStrings.swift */ = {isa = PBXFileReference; lastKnownFileType = sourcecode.swift; path = ValidationStrings.swift; sourceTree = "<group>"; };
		41B0726F7DF809FF4322EE1B /* Pods-MyCtStore-User.debug.xcconfig */ = {isa = PBXFileReference; includeInIndex = 1; lastKnownFileType = text.xcconfig; name = "Pods-MyCtStore-User.debug.xcconfig"; path = "Target Support Files/Pods-MyCtStore-User/Pods-MyCtStore-User.debug.xcconfig"; sourceTree = "<group>"; };
		5E6404742850C46D00F9B99C /* Navigation.swift */ = {isa = PBXFileReference; lastKnownFileType = sourcecode.swift; path = Navigation.swift; sourceTree = "<group>"; };
		5E9077262851F378009DEB89 /* HomeViewController.swift */ = {isa = PBXFileReference; lastKnownFileType = sourcecode.swift; path = HomeViewController.swift; sourceTree = "<group>"; };
		5E9077282851F3BA009DEB89 /* MyOrderViewController.swift */ = {isa = PBXFileReference; lastKnownFileType = sourcecode.swift; path = MyOrderViewController.swift; sourceTree = "<group>"; };
		5E90772A2851F3C9009DEB89 /* CartViewController.swift */ = {isa = PBXFileReference; lastKnownFileType = sourcecode.swift; path = CartViewController.swift; sourceTree = "<group>"; };
		5E90772C2851F41A009DEB89 /* ProfileViewController.swift */ = {isa = PBXFileReference; lastKnownFileType = sourcecode.swift; path = ProfileViewController.swift; sourceTree = "<group>"; };
		5E9077322851F5BD009DEB89 /* TabBarViewController.swift */ = {isa = PBXFileReference; lastKnownFileType = sourcecode.swift; path = TabBarViewController.swift; sourceTree = "<group>"; };
		5E90773528520D05009DEB89 /* WebService.swift */ = {isa = PBXFileReference; lastKnownFileType = sourcecode.swift; path = WebService.swift; sourceTree = "<group>"; };
		5E90773B28520EEA009DEB89 /* TermsConditionsViewModel.swift */ = {isa = PBXFileReference; lastKnownFileType = sourcecode.swift; path = TermsConditionsViewModel.swift; sourceTree = "<group>"; };
		5E940AF528507BBE0032DD1D /* SignInWithOTPViewController.swift */ = {isa = PBXFileReference; fileEncoding = 4; lastKnownFileType = sourcecode.swift; path = SignInWithOTPViewController.swift; sourceTree = "<group>"; };
		5E940AF728507BC50032DD1D /* VerifyOTPViewController.swift */ = {isa = PBXFileReference; fileEncoding = 4; lastKnownFileType = sourcecode.swift; path = VerifyOTPViewController.swift; sourceTree = "<group>"; };
		5E940AFC2850A8450032DD1D /* PlaceHolderStrings.swift */ = {isa = PBXFileReference; lastKnownFileType = sourcecode.swift; path = PlaceHolderStrings.swift; sourceTree = "<group>"; };
		5E940AFE2850A8CB0032DD1D /* ImageNames.swift */ = {isa = PBXFileReference; lastKnownFileType = sourcecode.swift; path = ImageNames.swift; sourceTree = "<group>"; };
		5E940B002850A93E0032DD1D /* AppColors.swift */ = {isa = PBXFileReference; lastKnownFileType = sourcecode.swift; path = AppColors.swift; sourceTree = "<group>"; };
		5E940B042850A9F00032DD1D /* Reachability.swift */ = {isa = PBXFileReference; fileEncoding = 4; lastKnownFileType = sourcecode.swift; path = Reachability.swift; sourceTree = "<group>"; };
		5E940B062850AA100032DD1D /* Singleton.swift */ = {isa = PBXFileReference; fileEncoding = 4; lastKnownFileType = sourcecode.swift; path = Singleton.swift; sourceTree = "<group>"; };
		5E940B082850AB730032DD1D /* MyCtStore-User-Bridging-Header.h */ = {isa = PBXFileReference; lastKnownFileType = sourcecode.c.h; path = "MyCtStore-User-Bridging-Header.h"; sourceTree = "<group>"; };
		5EA8858D284E0E8B0084C86B /* MyCtStore-User.app */ = {isa = PBXFileReference; explicitFileType = wrapper.application; includeInIndex = 0; path = "MyCtStore-User.app"; sourceTree = BUILT_PRODUCTS_DIR; };
		5EA88590284E0E8B0084C86B /* AppDelegate.swift */ = {isa = PBXFileReference; lastKnownFileType = sourcecode.swift; path = AppDelegate.swift; sourceTree = "<group>"; };
		5EA88592284E0E8B0084C86B /* SceneDelegate.swift */ = {isa = PBXFileReference; lastKnownFileType = sourcecode.swift; path = SceneDelegate.swift; sourceTree = "<group>"; };
		5EA88597284E0E8B0084C86B /* Base */ = {isa = PBXFileReference; lastKnownFileType = file.storyboard; name = Base; path = Base.lproj/Main.storyboard; sourceTree = "<group>"; };
		5EA88599284E0E8C0084C86B /* Assets.xcassets */ = {isa = PBXFileReference; lastKnownFileType = folder.assetcatalog; path = Assets.xcassets; sourceTree = "<group>"; };
		5EA8859C284E0E8C0084C86B /* Base */ = {isa = PBXFileReference; lastKnownFileType = file.storyboard; name = Base; path = Base.lproj/LaunchScreen.storyboard; sourceTree = "<group>"; };
		5EA8859E284E0E8C0084C86B /* Info.plist */ = {isa = PBXFileReference; lastKnownFileType = text.plist.xml; path = Info.plist; sourceTree = "<group>"; };
		5EA885A9284E18100084C86B /* Rubik-Bold.ttf */ = {isa = PBXFileReference; lastKnownFileType = file; path = "Rubik-Bold.ttf"; sourceTree = "<group>"; };
		5EA885AB284E18100084C86B /* Rubik-Light.ttf */ = {isa = PBXFileReference; lastKnownFileType = file; path = "Rubik-Light.ttf"; sourceTree = "<group>"; };
		5EA885AC284E18100084C86B /* Rubik-Medium.ttf */ = {isa = PBXFileReference; lastKnownFileType = file; path = "Rubik-Medium.ttf"; sourceTree = "<group>"; };
		5EA885B1284E18100084C86B /* Rubik-SemiBold.ttf */ = {isa = PBXFileReference; lastKnownFileType = file; path = "Rubik-SemiBold.ttf"; sourceTree = "<group>"; };
		5EA885B4284E18100084C86B /* Rubik-Regular.ttf */ = {isa = PBXFileReference; lastKnownFileType = file; path = "Rubik-Regular.ttf"; sourceTree = "<group>"; };
		5EA885CB284E1BCA0084C86B /* Fonts.swift */ = {isa = PBXFileReference; lastKnownFileType = sourcecode.swift; path = Fonts.swift; sourceTree = "<group>"; };
		5EA885CE284E24950084C86B /* LoginViewController.swift */ = {isa = PBXFileReference; lastKnownFileType = sourcecode.swift; path = LoginViewController.swift; sourceTree = "<group>"; };
		5EEAF19A2853005900F78C8D /* LoginWebService.swift */ = {isa = PBXFileReference; lastKnownFileType = sourcecode.swift; path = LoginWebService.swift; sourceTree = "<group>"; };
		5EEAF19C2853016900F78C8D /* APIURLs.swift */ = {isa = PBXFileReference; lastKnownFileType = sourcecode.swift; path = APIURLs.swift; sourceTree = "<group>"; };
		5EEAF19E285305A000F78C8D /* LoginAPIResponse.swift */ = {isa = PBXFileReference; lastKnownFileType = sourcecode.swift; path = LoginAPIResponse.swift; sourceTree = "<group>"; };
		5EEAF1A02853451C00F78C8D /* Utils.swift */ = {isa = PBXFileReference; fileEncoding = 4; lastKnownFileType = sourcecode.swift; path = Utils.swift; sourceTree = "<group>"; };
		5EEAF1A22853453000F78C8D /* Strings+Utils.swift */ = {isa = PBXFileReference; fileEncoding = 4; lastKnownFileType = sourcecode.swift; path = "Strings+Utils.swift"; sourceTree = "<group>"; };
		5EEAF1AC285362C400F78C8D /* LoginViewModel.swift */ = {isa = PBXFileReference; lastKnownFileType = sourcecode.swift; path = LoginViewModel.swift; sourceTree = "<group>"; };
		CFB17563C9F7722EAA00EFAD /* Pods_MyCtStore_User.framework */ = {isa = PBXFileReference; explicitFileType = wrapper.framework; includeInIndex = 0; path = Pods_MyCtStore_User.framework; sourceTree = BUILT_PRODUCTS_DIR; };
		F59BAC9C9BFDF951A84C5A8E /* Pods-MyCtStore-User.release.xcconfig */ = {isa = PBXFileReference; includeInIndex = 1; lastKnownFileType = text.xcconfig; name = "Pods-MyCtStore-User.release.xcconfig"; path = "Target Support Files/Pods-MyCtStore-User/Pods-MyCtStore-User.release.xcconfig"; sourceTree = "<group>"; };
/* End PBXFileReference section */

/* Begin PBXFrameworksBuildPhase section */
		5EA8858A284E0E8B0084C86B /* Frameworks */ = {
			isa = PBXFrameworksBuildPhase;
			buildActionMask = 2147483647;
			files = (
				5E90773A28520DFC009DEB89 /* SwiftyJSON in Frameworks */,
				D5CDBD24CFB1BAEC1ED4F856 /* Pods_MyCtStore_User.framework in Frameworks */,
			);
			runOnlyForDeploymentPostprocessing = 0;
		};
/* End PBXFrameworksBuildPhase section */

/* Begin PBXGroup section */
		0EEF4209284F232C002CA448 /* Utils */ = {
			isa = PBXGroup;
			children = (
				5E940B062850AA100032DD1D /* Singleton.swift */,
				5EEAF19C2853016900F78C8D /* APIURLs.swift */,
				0EEF420A284F2341002CA448 /* Config.swift */,
				5E940B002850A93E0032DD1D /* AppColors.swift */,
				0EEF4218284F81BF002CA448 /* ValidationStrings.swift */,
				5E940AFC2850A8450032DD1D /* PlaceHolderStrings.swift */,
				5E940AFE2850A8CB0032DD1D /* ImageNames.swift */,
				5E6404742850C46D00F9B99C /* Navigation.swift */,
				5EEAF1A02853451C00F78C8D /* Utils.swift */,
			);
			path = Utils;
			sourceTree = "<group>";
		};
		0EEF420E284F7B5C002CA448 /* ViewModel */ = {
			isa = PBXGroup;
			children = (
				5EEAF1AC285362C400F78C8D /* LoginViewModel.swift */,
				0EEF4211284F7B8B002CA448 /* RegistrationViewModel.swift */,
				0EEF4213284F7B9A002CA448 /* ForgotPasswordViewModel.swift */,
				5E90773B28520EEA009DEB89 /* TermsConditionsViewModel.swift */,
			);
			path = ViewModel;
			sourceTree = "<group>";
		};
		0EEF4215284F80A5002CA448 /* Model */ = {
			isa = PBXGroup;
			children = (
				0EEF4216284F80B1002CA448 /* ValidationResult.swift */,
				5EEAF19E285305A000F78C8D /* LoginAPIResponse.swift */,
			);
			path = Model;
			sourceTree = "<group>";
		};
		4964A60AB7A608514718FB15 /* Pods */ = {
			isa = PBXGroup;
			children = (
				41B0726F7DF809FF4322EE1B /* Pods-MyCtStore-User.debug.xcconfig */,
				F59BAC9C9BFDF951A84C5A8E /* Pods-MyCtStore-User.release.xcconfig */,
			);
			path = Pods;
			sourceTree = "<group>";
		};
		5E9077252851F34D009DEB89 /* Login */ = {
			isa = PBXGroup;
			children = (
				5EA885CE284E24950084C86B /* LoginViewController.swift */,
				5E940AF528507BBE0032DD1D /* SignInWithOTPViewController.swift */,
				0EEF4205284F0E81002CA448 /* RegistarationViewController.swift */,
				0EEF420C284F5BC7002CA448 /* ForgotPasswordViewController.swift */,
				5E940AF728507BC50032DD1D /* VerifyOTPViewController.swift */,
			);
			path = Login;
			sourceTree = "<group>";
		};
		5E90772E2851F492009DEB89 /* Home */ = {
			isa = PBXGroup;
			children = (
				5E9077262851F378009DEB89 /* HomeViewController.swift */,
			);
			path = Home;
			sourceTree = "<group>";
		};
		5E90772F2851F49C009DEB89 /* MyOrder */ = {
			isa = PBXGroup;
			children = (
				5E9077282851F3BA009DEB89 /* MyOrderViewController.swift */,
			);
			path = MyOrder;
			sourceTree = "<group>";
		};
		5E9077302851F4AE009DEB89 /* Cart */ = {
			isa = PBXGroup;
			children = (
				5E90772A2851F3C9009DEB89 /* CartViewController.swift */,
			);
			path = Cart;
			sourceTree = "<group>";
		};
		5E9077312851F4B6009DEB89 /* Profile */ = {
			isa = PBXGroup;
			children = (
				5E90772C2851F41A009DEB89 /* ProfileViewController.swift */,
			);
			path = Profile;
			sourceTree = "<group>";
		};
		5E90773728520D40009DEB89 /* NetworkLayers */ = {
			isa = PBXGroup;
			children = (
				5E90773528520D05009DEB89 /* WebService.swift */,
				5EEAF19A2853005900F78C8D /* LoginWebService.swift */,
			);
			path = NetworkLayers;
			sourceTree = "<group>";
		};
		5E940AFB2850A8030032DD1D /* Classes */ = {
			isa = PBXGroup;
			children = (
				5EA885CD284E21E40084C86B /* ViewControllers */,
			);
			path = Classes;
			sourceTree = "<group>";
		};
		5E940B022850A9DE0032DD1D /* Libraries */ = {
			isa = PBXGroup;
			children = (
				5E940B032850A9F00032DD1D /* Reachability */,
			);
			path = Libraries;
			sourceTree = "<group>";
		};
		5E940B032850A9F00032DD1D /* Reachability */ = {
			isa = PBXGroup;
			children = (
				5E940B042850A9F00032DD1D /* Reachability.swift */,
			);
			path = Reachability;
			sourceTree = "<group>";
		};
		5EA88584284E0E8B0084C86B = {
			isa = PBXGroup;
			children = (
				5EA8858F284E0E8B0084C86B /* MyCtStore-User */,
				5EA8858E284E0E8B0084C86B /* Products */,
				4964A60AB7A608514718FB15 /* Pods */,
				C12476EB0AEE26D010DD2F52 /* Frameworks */,
			);
			sourceTree = "<group>";
		};
		5EA8858E284E0E8B0084C86B /* Products */ = {
			isa = PBXGroup;
			children = (
				5EA8858D284E0E8B0084C86B /* MyCtStore-User.app */,
			);
			name = Products;
			sourceTree = "<group>";
		};
		5EA8858F284E0E8B0084C86B /* MyCtStore-User */ = {
			isa = PBXGroup;
			children = (
				5EA88590284E0E8B0084C86B /* AppDelegate.swift */,
				5EA88592284E0E8B0084C86B /* SceneDelegate.swift */,
				5E90773728520D40009DEB89 /* NetworkLayers */,
				5E940B022850A9DE0032DD1D /* Libraries */,
				5E940AFB2850A8030032DD1D /* Classes */,
				0EEF4215284F80A5002CA448 /* Model */,
				5EA885A4284E18100084C86B /* Fonts */,
				0EEF4209284F232C002CA448 /* Utils */,
				5EA885CA284E1BB40084C86B /* Extension */,
				0EEF420E284F7B5C002CA448 /* ViewModel */,
				5EA88596284E0E8B0084C86B /* Main.storyboard */,
				5EA88599284E0E8C0084C86B /* Assets.xcassets */,
				5EA8859B284E0E8C0084C86B /* LaunchScreen.storyboard */,
				5EA8859E284E0E8C0084C86B /* Info.plist */,
				5E940B082850AB730032DD1D /* MyCtStore-User-Bridging-Header.h */,
			);
			path = "MyCtStore-User";
			sourceTree = "<group>";
		};
		5EA885A4284E18100084C86B /* Fonts */ = {
			isa = PBXGroup;
			children = (
				5EA885A9284E18100084C86B /* Rubik-Bold.ttf */,
				5EA885AB284E18100084C86B /* Rubik-Light.ttf */,
				5EA885AC284E18100084C86B /* Rubik-Medium.ttf */,
				5EA885B1284E18100084C86B /* Rubik-SemiBold.ttf */,
				5EA885B4284E18100084C86B /* Rubik-Regular.ttf */,
			);
			path = Fonts;
			sourceTree = "<group>";
		};
		5EA885CA284E1BB40084C86B /* Extension */ = {
			isa = PBXGroup;
			children = (
				5EA885CB284E1BCA0084C86B /* Fonts.swift */,
				0EEF4207284F13E5002CA448 /* UIView+Utils.swift */,
				5EEAF1A22853453000F78C8D /* Strings+Utils.swift */,
			);
			path = Extension;
			sourceTree = "<group>";
		};
		5EA885CD284E21E40084C86B /* ViewControllers */ = {
			isa = PBXGroup;
			children = (
				5E9077252851F34D009DEB89 /* Login */,
				5E9077322851F5BD009DEB89 /* TabBarViewController.swift */,
				5E90772E2851F492009DEB89 /* Home */,
				5E90772F2851F49C009DEB89 /* MyOrder */,
				5E9077302851F4AE009DEB89 /* Cart */,
				5E9077312851F4B6009DEB89 /* Profile */,
			);
			path = ViewControllers;
			sourceTree = "<group>";
		};
		C12476EB0AEE26D010DD2F52 /* Frameworks */ = {
			isa = PBXGroup;
			children = (
				CFB17563C9F7722EAA00EFAD /* Pods_MyCtStore_User.framework */,
			);
			name = Frameworks;
			sourceTree = "<group>";
		};
/* End PBXGroup section */

/* Begin PBXNativeTarget section */
		5EA8858C284E0E8B0084C86B /* MyCtStore-User */ = {
			isa = PBXNativeTarget;
			buildConfigurationList = 5EA885A1284E0E8C0084C86B /* Build configuration list for PBXNativeTarget "MyCtStore-User" */;
			buildPhases = (
				6DA404DB74DA9EC091B1D85C /* [CP] Check Pods Manifest.lock */,
				5EA88589284E0E8B0084C86B /* Sources */,
				5EA8858A284E0E8B0084C86B /* Frameworks */,
				5EA8858B284E0E8B0084C86B /* Resources */,
				F3FED52DC82F970871D99883 /* [CP] Embed Pods Frameworks */,
			);
			buildRules = (
			);
			dependencies = (
			);
			name = "MyCtStore-User";
			packageProductDependencies = (
				5E90773928520DFC009DEB89 /* SwiftyJSON */,
			);
			productName = "MyCtStore-User";
			productReference = 5EA8858D284E0E8B0084C86B /* MyCtStore-User.app */;
			productType = "com.apple.product-type.application";
		};
/* End PBXNativeTarget section */

/* Begin PBXProject section */
		5EA88585284E0E8B0084C86B /* Project object */ = {
			isa = PBXProject;
			attributes = {
				BuildIndependentTargetsInParallel = 1;
				LastSwiftUpdateCheck = 1340;
				LastUpgradeCheck = 1340;
				TargetAttributes = {
					5EA8858C284E0E8B0084C86B = {
						CreatedOnToolsVersion = 13.4.1;
						LastSwiftMigration = 1340;
					};
				};
			};
			buildConfigurationList = 5EA88588284E0E8B0084C86B /* Build configuration list for PBXProject "MyCtStore-User" */;
			compatibilityVersion = "Xcode 13.0";
			developmentRegion = en;
			hasScannedForEncodings = 0;
			knownRegions = (
				en,
				Base,
			);
			mainGroup = 5EA88584284E0E8B0084C86B;
			packageReferences = (
				5E90773828520DFC009DEB89 /* XCRemoteSwiftPackageReference "SwiftyJSON" */,
			);
			productRefGroup = 5EA8858E284E0E8B0084C86B /* Products */;
			projectDirPath = "";
			projectRoot = "";
			targets = (
				5EA8858C284E0E8B0084C86B /* MyCtStore-User */,
			);
		};
/* End PBXProject section */

/* Begin PBXResourcesBuildPhase section */
		5EA8858B284E0E8B0084C86B /* Resources */ = {
			isa = PBXResourcesBuildPhase;
			buildActionMask = 2147483647;
			files = (
				5EA8859D284E0E8C0084C86B /* LaunchScreen.storyboard in Resources */,
				5EA885BD284E18100084C86B /* Rubik-Light.ttf in Resources */,
				5EA8859A284E0E8C0084C86B /* Assets.xcassets in Resources */,
				5EA885BB284E18100084C86B /* Rubik-Bold.ttf in Resources */,
				5EA88598284E0E8B0084C86B /* Main.storyboard in Resources */,
				5EA885C6284E18100084C86B /* Rubik-Regular.ttf in Resources */,
				5EA885C3284E18100084C86B /* Rubik-SemiBold.ttf in Resources */,
				5EA885BE284E18100084C86B /* Rubik-Medium.ttf in Resources */,
			);
			runOnlyForDeploymentPostprocessing = 0;
		};
/* End PBXResourcesBuildPhase section */

/* Begin PBXShellScriptBuildPhase section */
		6DA404DB74DA9EC091B1D85C /* [CP] Check Pods Manifest.lock */ = {
			isa = PBXShellScriptBuildPhase;
			buildActionMask = 2147483647;
			files = (
			);
			inputFileListPaths = (
			);
			inputPaths = (
				"${PODS_PODFILE_DIR_PATH}/Podfile.lock",
				"${PODS_ROOT}/Manifest.lock",
			);
			name = "[CP] Check Pods Manifest.lock";
			outputFileListPaths = (
			);
			outputPaths = (
				"$(DERIVED_FILE_DIR)/Pods-MyCtStore-User-checkManifestLockResult.txt",
			);
			runOnlyForDeploymentPostprocessing = 0;
			shellPath = /bin/sh;
			shellScript = "diff \"${PODS_PODFILE_DIR_PATH}/Podfile.lock\" \"${PODS_ROOT}/Manifest.lock\" > /dev/null\nif [ $? != 0 ] ; then\n    # print error to STDERR\n    echo \"error: The sandbox is not in sync with the Podfile.lock. Run 'pod install' or update your CocoaPods installation.\" >&2\n    exit 1\nfi\n# This output is used by Xcode 'outputs' to avoid re-running this script phase.\necho \"SUCCESS\" > \"${SCRIPT_OUTPUT_FILE_0}\"\n";
			showEnvVarsInLog = 0;
		};
		F3FED52DC82F970871D99883 /* [CP] Embed Pods Frameworks */ = {
			isa = PBXShellScriptBuildPhase;
			buildActionMask = 2147483647;
			files = (
			);
			inputFileListPaths = (
				"${PODS_ROOT}/Target Support Files/Pods-MyCtStore-User/Pods-MyCtStore-User-frameworks-${CONFIGURATION}-input-files.xcfilelist",
			);
			name = "[CP] Embed Pods Frameworks";
			outputFileListPaths = (
				"${PODS_ROOT}/Target Support Files/Pods-MyCtStore-User/Pods-MyCtStore-User-frameworks-${CONFIGURATION}-output-files.xcfilelist",
			);
			runOnlyForDeploymentPostprocessing = 0;
			shellPath = /bin/sh;
			shellScript = "\"${PODS_ROOT}/Target Support Files/Pods-MyCtStore-User/Pods-MyCtStore-User-frameworks.sh\"\n";
			showEnvVarsInLog = 0;
		};
/* End PBXShellScriptBuildPhase section */

/* Begin PBXSourcesBuildPhase section */
		5EA88589284E0E8B0084C86B /* Sources */ = {
			isa = PBXSourcesBuildPhase;
			buildActionMask = 2147483647;
			files = (
				5EA885CF284E24950084C86B /* LoginViewController.swift in Sources */,
				5EEAF1A32853453000F78C8D /* Strings+Utils.swift in Sources */,
				5E940B072850AA100032DD1D /* Singleton.swift in Sources */,
				5EA885CC284E1BCA0084C86B /* Fonts.swift in Sources */,
				5E940AF628507BBE0032DD1D /* SignInWithOTPViewController.swift in Sources */,
				5E90772B2851F3CA009DEB89 /* CartViewController.swift in Sources */,
				0EEF420D284F5BC7002CA448 /* ForgotPasswordViewController.swift in Sources */,
				0EEF4217284F80B1002CA448 /* ValidationResult.swift in Sources */,
				5EEAF19F285305A000F78C8D /* LoginAPIResponse.swift in Sources */,
				0EEF4206284F0E81002CA448 /* RegistarationViewController.swift in Sources */,
				5E9077272851F378009DEB89 /* HomeViewController.swift in Sources */,
				0EEF420B284F2341002CA448 /* Config.swift in Sources */,
				5EEAF1AD285362C400F78C8D /* LoginViewModel.swift in Sources */,
				5E9077332851F5BD009DEB89 /* TabBarViewController.swift in Sources */,
				5E9077292851F3BA009DEB89 /* MyOrderViewController.swift in Sources */,
				5E940B012850A93F0032DD1D /* AppColors.swift in Sources */,
				5E940AFF2850A8CB0032DD1D /* ImageNames.swift in Sources */,
				0EEF4212284F7B8B002CA448 /* RegistrationViewModel.swift in Sources */,
				5E940AFD2850A8450032DD1D /* PlaceHolderStrings.swift in Sources */,
				5E940AF828507BC50032DD1D /* VerifyOTPViewController.swift in Sources */,
				0EEF4214284F7B9A002CA448 /* ForgotPasswordViewModel.swift in Sources */,
				5E90773628520D05009DEB89 /* WebService.swift in Sources */,
				5EEAF19B2853005900F78C8D /* LoginWebService.swift in Sources */,
				5EA88591284E0E8B0084C86B /* AppDelegate.swift in Sources */,
				0EEF4208284F13E5002CA448 /* UIView+Utils.swift in Sources */,
				5EEAF1A12853451C00F78C8D /* Utils.swift in Sources */,
				5E6404752850C46D00F9B99C /* Navigation.swift in Sources */,
				0EEF4219284F81BF002CA448 /* ValidationStrings.swift in Sources */,
				5EA88593284E0E8B0084C86B /* SceneDelegate.swift in Sources */,
				5E90772D2851F41A009DEB89 /* ProfileViewController.swift in Sources */,
				5E940B052850A9F00032DD1D /* Reachability.swift in Sources */,
				5E90773C28520EEA009DEB89 /* TermsConditionsViewModel.swift in Sources */,
				5EEAF19D2853016900F78C8D /* APIURLs.swift in Sources */,
			);
			runOnlyForDeploymentPostprocessing = 0;
		};
/* End PBXSourcesBuildPhase section */

/* Begin PBXVariantGroup section */
		5EA88596284E0E8B0084C86B /* Main.storyboard */ = {
			isa = PBXVariantGroup;
			children = (
				5EA88597284E0E8B0084C86B /* Base */,
			);
			name = Main.storyboard;
			sourceTree = "<group>";
		};
		5EA8859B284E0E8C0084C86B /* LaunchScreen.storyboard */ = {
			isa = PBXVariantGroup;
			children = (
				5EA8859C284E0E8C0084C86B /* Base */,
			);
			name = LaunchScreen.storyboard;
			sourceTree = "<group>";
		};
/* End PBXVariantGroup section */

/* Begin XCBuildConfiguration section */
		5EA8859F284E0E8C0084C86B /* Debug */ = {
			isa = XCBuildConfiguration;
			buildSettings = {
				ALWAYS_SEARCH_USER_PATHS = NO;
				CLANG_ANALYZER_NONNULL = YES;
				CLANG_ANALYZER_NUMBER_OBJECT_CONVERSION = YES_AGGRESSIVE;
				CLANG_CXX_LANGUAGE_STANDARD = "gnu++17";
				CLANG_ENABLE_MODULES = YES;
				CLANG_ENABLE_OBJC_ARC = YES;
				CLANG_ENABLE_OBJC_WEAK = YES;
				CLANG_WARN_BLOCK_CAPTURE_AUTORELEASING = YES;
				CLANG_WARN_BOOL_CONVERSION = YES;
				CLANG_WARN_COMMA = YES;
				CLANG_WARN_CONSTANT_CONVERSION = YES;
				CLANG_WARN_DEPRECATED_OBJC_IMPLEMENTATIONS = YES;
				CLANG_WARN_DIRECT_OBJC_ISA_USAGE = YES_ERROR;
				CLANG_WARN_DOCUMENTATION_COMMENTS = YES;
				CLANG_WARN_EMPTY_BODY = YES;
				CLANG_WARN_ENUM_CONVERSION = YES;
				CLANG_WARN_INFINITE_RECURSION = YES;
				CLANG_WARN_INT_CONVERSION = YES;
				CLANG_WARN_NON_LITERAL_NULL_CONVERSION = YES;
				CLANG_WARN_OBJC_IMPLICIT_RETAIN_SELF = YES;
				CLANG_WARN_OBJC_LITERAL_CONVERSION = YES;
				CLANG_WARN_OBJC_ROOT_CLASS = YES_ERROR;
				CLANG_WARN_QUOTED_INCLUDE_IN_FRAMEWORK_HEADER = YES;
				CLANG_WARN_RANGE_LOOP_ANALYSIS = YES;
				CLANG_WARN_STRICT_PROTOTYPES = YES;
				CLANG_WARN_SUSPICIOUS_MOVE = YES;
				CLANG_WARN_UNGUARDED_AVAILABILITY = YES_AGGRESSIVE;
				CLANG_WARN_UNREACHABLE_CODE = YES;
				CLANG_WARN__DUPLICATE_METHOD_MATCH = YES;
				COPY_PHASE_STRIP = NO;
				DEBUG_INFORMATION_FORMAT = dwarf;
				ENABLE_STRICT_OBJC_MSGSEND = YES;
				ENABLE_TESTABILITY = YES;
				GCC_C_LANGUAGE_STANDARD = gnu11;
				GCC_DYNAMIC_NO_PIC = NO;
				GCC_NO_COMMON_BLOCKS = YES;
				GCC_OPTIMIZATION_LEVEL = 0;
				GCC_PREPROCESSOR_DEFINITIONS = (
					"DEBUG=1",
					"$(inherited)",
				);
				GCC_WARN_64_TO_32_BIT_CONVERSION = YES;
				GCC_WARN_ABOUT_RETURN_TYPE = YES_ERROR;
				GCC_WARN_UNDECLARED_SELECTOR = YES;
				GCC_WARN_UNINITIALIZED_AUTOS = YES_AGGRESSIVE;
				GCC_WARN_UNUSED_FUNCTION = YES;
				GCC_WARN_UNUSED_VARIABLE = YES;
				IPHONEOS_DEPLOYMENT_TARGET = 15.5;
				MTL_ENABLE_DEBUG_INFO = INCLUDE_SOURCE;
				MTL_FAST_MATH = YES;
				ONLY_ACTIVE_ARCH = YES;
				SDKROOT = iphoneos;
				SWIFT_ACTIVE_COMPILATION_CONDITIONS = DEBUG;
				SWIFT_OPTIMIZATION_LEVEL = "-Onone";
			};
			name = Debug;
		};
		5EA885A0284E0E8C0084C86B /* Release */ = {
			isa = XCBuildConfiguration;
			buildSettings = {
				ALWAYS_SEARCH_USER_PATHS = NO;
				CLANG_ANALYZER_NONNULL = YES;
				CLANG_ANALYZER_NUMBER_OBJECT_CONVERSION = YES_AGGRESSIVE;
				CLANG_CXX_LANGUAGE_STANDARD = "gnu++17";
				CLANG_ENABLE_MODULES = YES;
				CLANG_ENABLE_OBJC_ARC = YES;
				CLANG_ENABLE_OBJC_WEAK = YES;
				CLANG_WARN_BLOCK_CAPTURE_AUTORELEASING = YES;
				CLANG_WARN_BOOL_CONVERSION = YES;
				CLANG_WARN_COMMA = YES;
				CLANG_WARN_CONSTANT_CONVERSION = YES;
				CLANG_WARN_DEPRECATED_OBJC_IMPLEMENTATIONS = YES;
				CLANG_WARN_DIRECT_OBJC_ISA_USAGE = YES_ERROR;
				CLANG_WARN_DOCUMENTATION_COMMENTS = YES;
				CLANG_WARN_EMPTY_BODY = YES;
				CLANG_WARN_ENUM_CONVERSION = YES;
				CLANG_WARN_INFINITE_RECURSION = YES;
				CLANG_WARN_INT_CONVERSION = YES;
				CLANG_WARN_NON_LITERAL_NULL_CONVERSION = YES;
				CLANG_WARN_OBJC_IMPLICIT_RETAIN_SELF = YES;
				CLANG_WARN_OBJC_LITERAL_CONVERSION = YES;
				CLANG_WARN_OBJC_ROOT_CLASS = YES_ERROR;
				CLANG_WARN_QUOTED_INCLUDE_IN_FRAMEWORK_HEADER = YES;
				CLANG_WARN_RANGE_LOOP_ANALYSIS = YES;
				CLANG_WARN_STRICT_PROTOTYPES = YES;
				CLANG_WARN_SUSPICIOUS_MOVE = YES;
				CLANG_WARN_UNGUARDED_AVAILABILITY = YES_AGGRESSIVE;
				CLANG_WARN_UNREACHABLE_CODE = YES;
				CLANG_WARN__DUPLICATE_METHOD_MATCH = YES;
				COPY_PHASE_STRIP = NO;
				DEBUG_INFORMATION_FORMAT = "dwarf-with-dsym";
				ENABLE_NS_ASSERTIONS = NO;
				ENABLE_STRICT_OBJC_MSGSEND = YES;
				GCC_C_LANGUAGE_STANDARD = gnu11;
				GCC_NO_COMMON_BLOCKS = YES;
				GCC_WARN_64_TO_32_BIT_CONVERSION = YES;
				GCC_WARN_ABOUT_RETURN_TYPE = YES_ERROR;
				GCC_WARN_UNDECLARED_SELECTOR = YES;
				GCC_WARN_UNINITIALIZED_AUTOS = YES_AGGRESSIVE;
				GCC_WARN_UNUSED_FUNCTION = YES;
				GCC_WARN_UNUSED_VARIABLE = YES;
				IPHONEOS_DEPLOYMENT_TARGET = 15.5;
				MTL_ENABLE_DEBUG_INFO = NO;
				MTL_FAST_MATH = YES;
				SDKROOT = iphoneos;
				SWIFT_COMPILATION_MODE = wholemodule;
				SWIFT_OPTIMIZATION_LEVEL = "-O";
				VALIDATE_PRODUCT = YES;
			};
			name = Release;
		};
		5EA885A2284E0E8C0084C86B /* Debug */ = {
			isa = XCBuildConfiguration;
			baseConfigurationReference = 41B0726F7DF809FF4322EE1B /* Pods-MyCtStore-User.debug.xcconfig */;
			buildSettings = {
				ASSETCATALOG_COMPILER_APPICON_NAME = AppIcon;
				ASSETCATALOG_COMPILER_GLOBAL_ACCENT_COLOR_NAME = AccentColor;
				CLANG_ENABLE_MODULES = YES;
				CODE_SIGN_STYLE = Automatic;
				CURRENT_PROJECT_VERSION = 1;
				GENERATE_INFOPLIST_FILE = YES;
				INFOPLIST_FILE = "MyCtStore-User/Info.plist";
				INFOPLIST_KEY_UIApplicationSupportsIndirectInputEvents = YES;
				INFOPLIST_KEY_UILaunchStoryboardName = LaunchScreen;
				INFOPLIST_KEY_UIMainStoryboardFile = Main;
				INFOPLIST_KEY_UISupportedInterfaceOrientations_iPad = "UIInterfaceOrientationPortrait UIInterfaceOrientationPortraitUpsideDown UIInterfaceOrientationLandscapeLeft UIInterfaceOrientationLandscapeRight";
				INFOPLIST_KEY_UISupportedInterfaceOrientations_iPhone = "UIInterfaceOrientationPortrait UIInterfaceOrientationLandscapeLeft UIInterfaceOrientationLandscapeRight";
				LD_RUNPATH_SEARCH_PATHS = (
					"$(inherited)",
					"@executable_path/Frameworks",
				);
				MARKETING_VERSION = 1.0;
				PRODUCT_BUNDLE_IDENTIFIER = "pratishtha.MyCtStore-User";
				PRODUCT_NAME = "$(TARGET_NAME)";
				SWIFT_EMIT_LOC_STRINGS = YES;
				SWIFT_OBJC_BRIDGING_HEADER = "MyCtStore-User/MyCtStore-User-Bridging-Header.h";
				SWIFT_OPTIMIZATION_LEVEL = "-Onone";
				SWIFT_VERSION = 5.0;
				TARGETED_DEVICE_FAMILY = "1,2";
			};
			name = Debug;
		};
		5EA885A3284E0E8C0084C86B /* Release */ = {
			isa = XCBuildConfiguration;
			baseConfigurationReference = F59BAC9C9BFDF951A84C5A8E /* Pods-MyCtStore-User.release.xcconfig */;
			buildSettings = {
				ASSETCATALOG_COMPILER_APPICON_NAME = AppIcon;
				ASSETCATALOG_COMPILER_GLOBAL_ACCENT_COLOR_NAME = AccentColor;
				CLANG_ENABLE_MODULES = YES;
				CODE_SIGN_STYLE = Automatic;
				CURRENT_PROJECT_VERSION = 1;
				GENERATE_INFOPLIST_FILE = YES;
				INFOPLIST_FILE = "MyCtStore-User/Info.plist";
				INFOPLIST_KEY_UIApplicationSupportsIndirectInputEvents = YES;
				INFOPLIST_KEY_UILaunchStoryboardName = LaunchScreen;
				INFOPLIST_KEY_UIMainStoryboardFile = Main;
				INFOPLIST_KEY_UISupportedInterfaceOrientations_iPad = "UIInterfaceOrientationPortrait UIInterfaceOrientationPortraitUpsideDown UIInterfaceOrientationLandscapeLeft UIInterfaceOrientationLandscapeRight";
				INFOPLIST_KEY_UISupportedInterfaceOrientations_iPhone = "UIInterfaceOrientationPortrait UIInterfaceOrientationLandscapeLeft UIInterfaceOrientationLandscapeRight";
				LD_RUNPATH_SEARCH_PATHS = (
					"$(inherited)",
					"@executable_path/Frameworks",
				);
				MARKETING_VERSION = 1.0;
				PRODUCT_BUNDLE_IDENTIFIER = "pratishtha.MyCtStore-User";
				PRODUCT_NAME = "$(TARGET_NAME)";
				SWIFT_EMIT_LOC_STRINGS = YES;
				SWIFT_OBJC_BRIDGING_HEADER = "MyCtStore-User/MyCtStore-User-Bridging-Header.h";
				SWIFT_VERSION = 5.0;
				TARGETED_DEVICE_FAMILY = "1,2";
			};
			name = Release;
		};
/* End XCBuildConfiguration section */

/* Begin XCConfigurationList section */
		5EA88588284E0E8B0084C86B /* Build configuration list for PBXProject "MyCtStore-User" */ = {
			isa = XCConfigurationList;
			buildConfigurations = (
				5EA8859F284E0E8C0084C86B /* Debug */,
				5EA885A0284E0E8C0084C86B /* Release */,
			);
			defaultConfigurationIsVisible = 0;
			defaultConfigurationName = Release;
		};
		5EA885A1284E0E8C0084C86B /* Build configuration list for PBXNativeTarget "MyCtStore-User" */ = {
			isa = XCConfigurationList;
			buildConfigurations = (
				5EA885A2284E0E8C0084C86B /* Debug */,
				5EA885A3284E0E8C0084C86B /* Release */,
			);
			defaultConfigurationIsVisible = 0;
			defaultConfigurationName = Release;
		};
/* End XCConfigurationList section */

/* Begin XCRemoteSwiftPackageReference section */
		5E90773828520DFC009DEB89 /* XCRemoteSwiftPackageReference "SwiftyJSON" */ = {
			isa = XCRemoteSwiftPackageReference;
			repositoryURL = "https://github.com/SwiftyJSON/SwiftyJSON";
			requirement = {
				branch = master;
				kind = branch;
			};
		};
/* End XCRemoteSwiftPackageReference section */

/* Begin XCSwiftPackageProductDependency section */
		5E90773928520DFC009DEB89 /* SwiftyJSON */ = {
			isa = XCSwiftPackageProductDependency;
			package = 5E90773828520DFC009DEB89 /* XCRemoteSwiftPackageReference "SwiftyJSON" */;
			productName = SwiftyJSON;
		};
/* End XCSwiftPackageProductDependency section */
	};
	rootObject = 5EA88585284E0E8B0084C86B /* Project object */;
}
